// !$*UTF8*$!
{
	archiveVersion = 1;
	classes = {
	};
	objectVersion = 56;
	objects = {

/* Begin PBXBuildFile section */
		421693A32AC3653B002D77FE /* AddTodoView.swift in Sources */ = {isa = PBXBuildFile; fileRef = 421693A22AC3653B002D77FE /* AddTodoView.swift */; };
		421693A52AC36DDA002D77FE /* AddTodoViewModel.swift in Sources */ = {isa = PBXBuildFile; fileRef = 421693A42AC36DDA002D77FE /* AddTodoViewModel.swift */; };
		4218F3C02AA3506700A24124 /* AddItemButton.swift in Sources */ = {isa = PBXBuildFile; fileRef = 4218F3BF2AA3506700A24124 /* AddItemButton.swift */; };
		4218F3C42AA38E1100A24124 /* RealmTodoModel.swift in Sources */ = {isa = PBXBuildFile; fileRef = 4218F3C32AA38E1100A24124 /* RealmTodoModel.swift */; };
		4218F3C72AA38E8A00A24124 /* TodoModel.swift in Sources */ = {isa = PBXBuildFile; fileRef = 4218F3C62AA38E8A00A24124 /* TodoModel.swift */; };
		4258A8BE2A9F85B600A77983 /* TestTodoApp.swift in Sources */ = {isa = PBXBuildFile; fileRef = 4258A8BD2A9F85B600A77983 /* TestTodoApp.swift */; };
		4258A8C22A9F85B800A77983 /* Assets.xcassets in Resources */ = {isa = PBXBuildFile; fileRef = 4258A8C12A9F85B800A77983 /* Assets.xcassets */; };
		4258A8C52A9F85B800A77983 /* Preview Assets.xcassets in Resources */ = {isa = PBXBuildFile; fileRef = 4258A8C42A9F85B800A77983 /* Preview Assets.xcassets */; };
		4258A8CD2A9F895300A77983 /* TodoView.swift in Sources */ = {isa = PBXBuildFile; fileRef = 4258A8CC2A9F895300A77983 /* TodoView.swift */; };
		42619A4A2AC1B13500A52050 /* CoreDataTodoModel.xcdatamodeld in Sources */ = {isa = PBXBuildFile; fileRef = 42619A482AC1B13500A52050 /* CoreDataTodoModel.xcdatamodeld */; };
		42619A4D2AC1B2D500A52050 /* TodoClass.swift in Sources */ = {isa = PBXBuildFile; fileRef = 42619A4B2AC1B2D500A52050 /* TodoClass.swift */; };
		42619A4E2AC1B2D500A52050 /* TodoProperties.swift in Sources */ = {isa = PBXBuildFile; fileRef = 42619A4C2AC1B2D500A52050 /* TodoProperties.swift */; };
		42619A502AC1E6FD00A52050 /* TodosListComponent.swift in Sources */ = {isa = PBXBuildFile; fileRef = 42619A4F2AC1E6FD00A52050 /* TodosListComponent.swift */; };
		4265BAF12ABD114E0061EFDB /* RealmService.swift in Sources */ = {isa = PBXBuildFile; fileRef = 4265BAF02ABD114E0061EFDB /* RealmService.swift */; };
		4265BAF42ABDED8A0061EFDB /* Realm in Frameworks */ = {isa = PBXBuildFile; productRef = 4265BAF32ABDED8A0061EFDB /* Realm */; };
		4265BAF62ABDED8A0061EFDB /* RealmSwift in Frameworks */ = {isa = PBXBuildFile; productRef = 4265BAF52ABDED8A0061EFDB /* RealmSwift */; };
		4265BAF92ABE49010061EFDB /* DataService.swift in Sources */ = {isa = PBXBuildFile; fileRef = 4265BAF82ABE49010061EFDB /* DataService.swift */; };
		4265BAFB2ABE49770061EFDB /* StringExtensions.swift in Sources */ = {isa = PBXBuildFile; fileRef = 4265BAFA2ABE49770061EFDB /* StringExtensions.swift */; };
		4265BAFD2ABE4F940061EFDB /* CoreDataService.swift in Sources */ = {isa = PBXBuildFile; fileRef = 4265BAFC2ABE4F940061EFDB /* CoreDataService.swift */; };
		4265BB022ABE52230061EFDB /* TypedPublisherHandler.swift in Sources */ = {isa = PBXBuildFile; fileRef = 4265BB012ABE52230061EFDB /* TypedPublisherHandler.swift */; };
		429D962D2AB613C50063C107 /* CalendarView.swift in Sources */ = {isa = PBXBuildFile; fileRef = 429D962C2AB613C50063C107 /* CalendarView.swift */; };
		429D96302AB6158E0063C107 /* CalendarComponent.swift in Sources */ = {isa = PBXBuildFile; fileRef = 429D962F2AB6158E0063C107 /* CalendarComponent.swift */; };
		429D96322AB73F090063C107 /* DayItemModel.swift in Sources */ = {isa = PBXBuildFile; fileRef = 429D96312AB73F090063C107 /* DayItemModel.swift */; };
		429D96352AB7465C0063C107 /* DateExtensions.swift in Sources */ = {isa = PBXBuildFile; fileRef = 429D96342AB7465C0063C107 /* DateExtensions.swift */; };
		429D96372AB9F1680063C107 /* CalendarViewModel.swift in Sources */ = {isa = PBXBuildFile; fileRef = 429D96362AB9F1680063C107 /* CalendarViewModel.swift */; };
		42B173DE2AA4EAA800795BD7 /* TodoViewModel.swift in Sources */ = {isa = PBXBuildFile; fileRef = 42B173DD2AA4EAA800795BD7 /* TodoViewModel.swift */; };
		42BB0A492AAF720A00663C6C /* TodoItemComponent.swift in Sources */ = {isa = PBXBuildFile; fileRef = 42BB0A482AAF720A00663C6C /* TodoItemComponent.swift */; };
		42BB0A4B2AAF77BA00663C6C /* CheckBoxComponent.swift in Sources */ = {isa = PBXBuildFile; fileRef = 42BB0A4A2AAF77BA00663C6C /* CheckBoxComponent.swift */; };
		42BB0A4D2AAF8FB100663C6C /* MainView.swift in Sources */ = {isa = PBXBuildFile; fileRef = 42BB0A4C2AAF8FB100663C6C /* MainView.swift */; };
		42BB7C802ABB68B600A57A7E /* DayComponent.swift in Sources */ = {isa = PBXBuildFile; fileRef = 42BB7C7F2ABB68B600A57A7E /* DayComponent.swift */; };
		42BB7C832ABB8C8000A57A7E /* DataProvider.swift in Sources */ = {isa = PBXBuildFile; fileRef = 42BB7C822ABB8C8000A57A7E /* DataProvider.swift */; };
/* End PBXBuildFile section */

/* Begin PBXFileReference section */
		421693A22AC3653B002D77FE /* AddTodoView.swift */ = {isa = PBXFileReference; lastKnownFileType = sourcecode.swift; path = AddTodoView.swift; sourceTree = "<group>"; };
		421693A42AC36DDA002D77FE /* AddTodoViewModel.swift */ = {isa = PBXFileReference; lastKnownFileType = sourcecode.swift; path = AddTodoViewModel.swift; sourceTree = "<group>"; };
		4218F3BF2AA3506700A24124 /* AddItemButton.swift */ = {isa = PBXFileReference; lastKnownFileType = sourcecode.swift; path = AddItemButton.swift; sourceTree = "<group>"; };
		4218F3C32AA38E1100A24124 /* RealmTodoModel.swift */ = {isa = PBXFileReference; lastKnownFileType = sourcecode.swift; path = RealmTodoModel.swift; sourceTree = "<group>"; };
		4218F3C62AA38E8A00A24124 /* TodoModel.swift */ = {isa = PBXFileReference; lastKnownFileType = sourcecode.swift; path = TodoModel.swift; sourceTree = "<group>"; };
		4258A8BA2A9F85B600A77983 /* TestTODO.app */ = {isa = PBXFileReference; explicitFileType = wrapper.application; includeInIndex = 0; path = TestTODO.app; sourceTree = BUILT_PRODUCTS_DIR; };
		4258A8BD2A9F85B600A77983 /* TestTodoApp.swift */ = {isa = PBXFileReference; lastKnownFileType = sourcecode.swift; path = TestTodoApp.swift; sourceTree = "<group>"; };
		4258A8C12A9F85B800A77983 /* Assets.xcassets */ = {isa = PBXFileReference; lastKnownFileType = folder.assetcatalog; path = Assets.xcassets; sourceTree = "<group>"; };
		4258A8C42A9F85B800A77983 /* Preview Assets.xcassets */ = {isa = PBXFileReference; lastKnownFileType = folder.assetcatalog; path = "Preview Assets.xcassets"; sourceTree = "<group>"; };
		4258A8CC2A9F895300A77983 /* TodoView.swift */ = {isa = PBXFileReference; lastKnownFileType = sourcecode.swift; path = TodoView.swift; sourceTree = "<group>"; };
		42619A492AC1B13500A52050 /* CoreDataTodoModel.xcdatamodel */ = {isa = PBXFileReference; lastKnownFileType = wrapper.xcdatamodel; path = CoreDataTodoModel.xcdatamodel; sourceTree = "<group>"; };
		42619A4B2AC1B2D500A52050 /* TodoClass.swift */ = {isa = PBXFileReference; lastKnownFileType = sourcecode.swift; path = TodoClass.swift; sourceTree = SOURCE_ROOT; };
		42619A4C2AC1B2D500A52050 /* TodoProperties.swift */ = {isa = PBXFileReference; lastKnownFileType = sourcecode.swift; path = TodoProperties.swift; sourceTree = SOURCE_ROOT; };
		42619A4F2AC1E6FD00A52050 /* TodosListComponent.swift */ = {isa = PBXFileReference; lastKnownFileType = sourcecode.swift; path = TodosListComponent.swift; sourceTree = "<group>"; };
		4265BAF02ABD114E0061EFDB /* RealmService.swift */ = {isa = PBXFileReference; lastKnownFileType = sourcecode.swift; path = RealmService.swift; sourceTree = "<group>"; };
		4265BAF82ABE49010061EFDB /* DataService.swift */ = {isa = PBXFileReference; lastKnownFileType = sourcecode.swift; path = DataService.swift; sourceTree = "<group>"; };
		4265BAFA2ABE49770061EFDB /* StringExtensions.swift */ = {isa = PBXFileReference; lastKnownFileType = sourcecode.swift; path = StringExtensions.swift; sourceTree = "<group>"; };
		4265BAFC2ABE4F940061EFDB /* CoreDataService.swift */ = {isa = PBXFileReference; lastKnownFileType = sourcecode.swift; path = CoreDataService.swift; sourceTree = "<group>"; };
		4265BB012ABE52230061EFDB /* TypedPublisherHandler.swift */ = {isa = PBXFileReference; lastKnownFileType = sourcecode.swift; path = TypedPublisherHandler.swift; sourceTree = "<group>"; };
		429D962C2AB613C50063C107 /* CalendarView.swift */ = {isa = PBXFileReference; lastKnownFileType = sourcecode.swift; path = CalendarView.swift; sourceTree = "<group>"; };
		429D962F2AB6158E0063C107 /* CalendarComponent.swift */ = {isa = PBXFileReference; lastKnownFileType = sourcecode.swift; path = CalendarComponent.swift; sourceTree = "<group>"; };
		429D96312AB73F090063C107 /* DayItemModel.swift */ = {isa = PBXFileReference; lastKnownFileType = sourcecode.swift; path = DayItemModel.swift; sourceTree = "<group>"; };
		429D96342AB7465C0063C107 /* DateExtensions.swift */ = {isa = PBXFileReference; lastKnownFileType = sourcecode.swift; path = DateExtensions.swift; sourceTree = "<group>"; };
		429D96362AB9F1680063C107 /* CalendarViewModel.swift */ = {isa = PBXFileReference; lastKnownFileType = sourcecode.swift; path = CalendarViewModel.swift; sourceTree = "<group>"; };
		42B173DD2AA4EAA800795BD7 /* TodoViewModel.swift */ = {isa = PBXFileReference; lastKnownFileType = sourcecode.swift; path = TodoViewModel.swift; sourceTree = "<group>"; };
		42BB0A482AAF720A00663C6C /* TodoItemComponent.swift */ = {isa = PBXFileReference; lastKnownFileType = sourcecode.swift; path = TodoItemComponent.swift; sourceTree = "<group>"; };
		42BB0A4A2AAF77BA00663C6C /* CheckBoxComponent.swift */ = {isa = PBXFileReference; lastKnownFileType = sourcecode.swift; path = CheckBoxComponent.swift; sourceTree = "<group>"; };
		42BB0A4C2AAF8FB100663C6C /* MainView.swift */ = {isa = PBXFileReference; lastKnownFileType = sourcecode.swift; path = MainView.swift; sourceTree = "<group>"; };
		42BB7C7F2ABB68B600A57A7E /* DayComponent.swift */ = {isa = PBXFileReference; lastKnownFileType = sourcecode.swift; path = DayComponent.swift; sourceTree = "<group>"; };
		42BB7C822ABB8C8000A57A7E /* DataProvider.swift */ = {isa = PBXFileReference; lastKnownFileType = sourcecode.swift; path = DataProvider.swift; sourceTree = "<group>"; };
/* End PBXFileReference section */

/* Begin PBXFrameworksBuildPhase section */
		4258A8B72A9F85B600A77983 /* Frameworks */ = {
			isa = PBXFrameworksBuildPhase;
			buildActionMask = 2147483647;
			files = (
				4265BAF62ABDED8A0061EFDB /* RealmSwift in Frameworks */,
				4265BAF42ABDED8A0061EFDB /* Realm in Frameworks */,
			);
			runOnlyForDeploymentPostprocessing = 0;
		};
/* End PBXFrameworksBuildPhase section */

/* Begin PBXGroup section */
		4218F3BB2AA34FCF00A24124 /* ViewModels */ = {
			isa = PBXGroup;
			children = (
				42B173DD2AA4EAA800795BD7 /* TodoViewModel.swift */,
				429D96362AB9F1680063C107 /* CalendarViewModel.swift */,
				421693A42AC36DDA002D77FE /* AddTodoViewModel.swift */,
			);
			path = ViewModels;
			sourceTree = "<group>";
		};
		4218F3BD2AA3504000A24124 /* Views */ = {
			isa = PBXGroup;
			children = (
				42BB0A462AAF71C300663C6C /* TodoView */,
				429D962B2AB6139F0063C107 /* CalendarView */,
				42BB0A4C2AAF8FB100663C6C /* MainView.swift */,
				421693A22AC3653B002D77FE /* AddTodoView.swift */,
			);
			path = Views;
			sourceTree = "<group>";
		};
		4218F3BE2AA3504D00A24124 /* Custom */ = {
			isa = PBXGroup;
			children = (
				4218F3BF2AA3506700A24124 /* AddItemButton.swift */,
				42BB0A4A2AAF77BA00663C6C /* CheckBoxComponent.swift */,
			);
			path = Custom;
			sourceTree = "<group>";
		};
		4218F3C22AA357C000A24124 /* Models */ = {
			isa = PBXGroup;
			children = (
				42619A472AC1B0BE00A52050 /* CoreData */,
				4218F3C62AA38E8A00A24124 /* TodoModel.swift */,
				4218F3C32AA38E1100A24124 /* RealmTodoModel.swift */,
				429D96312AB73F090063C107 /* DayItemModel.swift */,
			);
			path = Models;
			sourceTree = "<group>";
		};
		4258A8B12A9F85B600A77983 = {
			isa = PBXGroup;
			children = (
				4258A8BC2A9F85B600A77983 /* TestTODO */,
				4258A8BB2A9F85B600A77983 /* Products */,
			);
			sourceTree = "<group>";
		};
		4258A8BB2A9F85B600A77983 /* Products */ = {
			isa = PBXGroup;
			children = (
				4258A8BA2A9F85B600A77983 /* TestTODO.app */,
			);
			name = Products;
			sourceTree = "<group>";
		};
		4258A8BC2A9F85B600A77983 /* TestTODO */ = {
			isa = PBXGroup;
			children = (
				4258A8BD2A9F85B600A77983 /* TestTodoApp.swift */,
				4258A8CB2A9F891600A77983 /* UI */,
				4218F3BB2AA34FCF00A24124 /* ViewModels */,
				42BB7C812ABB8C6200A57A7E /* Data */,
				4218F3C22AA357C000A24124 /* Models */,
				429D96332AB746410063C107 /* Extensions */,
				4265BB002ABE51EC0061EFDB /* Helpers */,
				4258A8C12A9F85B800A77983 /* Assets.xcassets */,
				4258A8C32A9F85B800A77983 /* Preview Content */,
			);
			path = TestTODO;
			sourceTree = "<group>";
		};
		4258A8C32A9F85B800A77983 /* Preview Content */ = {
			isa = PBXGroup;
			children = (
				4258A8C42A9F85B800A77983 /* Preview Assets.xcassets */,
			);
			path = "Preview Content";
			sourceTree = "<group>";
		};
		4258A8CB2A9F891600A77983 /* UI */ = {
			isa = PBXGroup;
			children = (
				4218F3BE2AA3504D00A24124 /* Custom */,
				4218F3BD2AA3504000A24124 /* Views */,
			);
			path = UI;
			sourceTree = "<group>";
		};
		42619A472AC1B0BE00A52050 /* CoreData */ = {
			isa = PBXGroup;
			children = (
				42619A4B2AC1B2D500A52050 /* TodoClass.swift */,
				42619A4C2AC1B2D500A52050 /* TodoProperties.swift */,
				42619A482AC1B13500A52050 /* CoreDataTodoModel.xcdatamodeld */,
			);
			path = CoreData;
			sourceTree = "<group>";
		};
		4265BAF72ABE48E60061EFDB /* Service */ = {
			isa = PBXGroup;
			children = (
				4265BAF82ABE49010061EFDB /* DataService.swift */,
				4265BAF02ABD114E0061EFDB /* RealmService.swift */,
				4265BAFC2ABE4F940061EFDB /* CoreDataService.swift */,
			);
			path = Service;
			sourceTree = "<group>";
		};
		4265BB002ABE51EC0061EFDB /* Helpers */ = {
			isa = PBXGroup;
			children = (
				4265BB012ABE52230061EFDB /* TypedPublisherHandler.swift */,
			);
			path = Helpers;
			sourceTree = "<group>";
		};
		429D962B2AB6139F0063C107 /* CalendarView */ = {
			isa = PBXGroup;
			children = (
				429D962C2AB613C50063C107 /* CalendarView.swift */,
				429D962E2AB615610063C107 /* Components */,
			);
			path = CalendarView;
			sourceTree = "<group>";
		};
		429D962E2AB615610063C107 /* Components */ = {
			isa = PBXGroup;
			children = (
				429D962F2AB6158E0063C107 /* CalendarComponent.swift */,
				42BB7C7F2ABB68B600A57A7E /* DayComponent.swift */,
			);
			path = Components;
			sourceTree = "<group>";
		};
		429D96332AB746410063C107 /* Extensions */ = {
			isa = PBXGroup;
			children = (
				429D96342AB7465C0063C107 /* DateExtensions.swift */,
				4265BAFA2ABE49770061EFDB /* StringExtensions.swift */,
			);
			path = Extensions;
			sourceTree = "<group>";
		};
		42BB0A462AAF71C300663C6C /* TodoView */ = {
			isa = PBXGroup;
			children = (
				4258A8CC2A9F895300A77983 /* TodoView.swift */,
				42BB0A472AAF71D200663C6C /* Components */,
			);
			path = TodoView;
			sourceTree = "<group>";
		};
		42BB0A472AAF71D200663C6C /* Components */ = {
			isa = PBXGroup;
			children = (
				42BB0A482AAF720A00663C6C /* TodoItemComponent.swift */,
				42619A4F2AC1E6FD00A52050 /* TodosListComponent.swift */,
			);
			path = Components;
			sourceTree = "<group>";
		};
		42BB7C812ABB8C6200A57A7E /* Data */ = {
			isa = PBXGroup;
			children = (
				4265BAF72ABE48E60061EFDB /* Service */,
				42BB7C822ABB8C8000A57A7E /* DataProvider.swift */,
			);
			path = Data;
			sourceTree = "<group>";
		};
/* End PBXGroup section */

/* Begin PBXNativeTarget section */
		4258A8B92A9F85B600A77983 /* TestTODO */ = {
			isa = PBXNativeTarget;
			buildConfigurationList = 4258A8C82A9F85B800A77983 /* Build configuration list for PBXNativeTarget "TestTODO" */;
			buildPhases = (
				4258A8B62A9F85B600A77983 /* Sources */,
				4258A8B72A9F85B600A77983 /* Frameworks */,
				4258A8B82A9F85B600A77983 /* Resources */,
				429D96382AB9F4F70063C107 /* ShellScript */,
			);
			buildRules = (
			);
			dependencies = (
			);
			name = TestTODO;
			packageProductDependencies = (
				4265BAF32ABDED8A0061EFDB /* Realm */,
				4265BAF52ABDED8A0061EFDB /* RealmSwift */,
			);
			productName = TestTODO;
			productReference = 4258A8BA2A9F85B600A77983 /* TestTODO.app */;
			productType = "com.apple.product-type.application";
		};
/* End PBXNativeTarget section */

/* Begin PBXProject section */
		4258A8B22A9F85B600A77983 /* Project object */ = {
			isa = PBXProject;
			attributes = {
				BuildIndependentTargetsInParallel = 1;
				LastSwiftUpdateCheck = 1430;
				LastUpgradeCheck = 1430;
				TargetAttributes = {
					4258A8B92A9F85B600A77983 = {
						CreatedOnToolsVersion = 14.3;
					};
				};
			};
			buildConfigurationList = 4258A8B52A9F85B600A77983 /* Build configuration list for PBXProject "TestTODO" */;
			compatibilityVersion = "Xcode 14.0";
			developmentRegion = en;
			hasScannedForEncodings = 0;
			knownRegions = (
				en,
				Base,
			);
			mainGroup = 4258A8B12A9F85B600A77983;
			packageReferences = (
				4265BAF22ABDED8A0061EFDB /* XCRemoteSwiftPackageReference "realm-swift" */,
			);
			productRefGroup = 4258A8BB2A9F85B600A77983 /* Products */;
			projectDirPath = "";
			projectRoot = "";
			targets = (
				4258A8B92A9F85B600A77983 /* TestTODO */,
			);
		};
/* End PBXProject section */

/* Begin PBXResourcesBuildPhase section */
		4258A8B82A9F85B600A77983 /* Resources */ = {
			isa = PBXResourcesBuildPhase;
			buildActionMask = 2147483647;
			files = (
				4258A8C52A9F85B800A77983 /* Preview Assets.xcassets in Resources */,
				4258A8C22A9F85B800A77983 /* Assets.xcassets in Resources */,
			);
			runOnlyForDeploymentPostprocessing = 0;
		};
/* End PBXResourcesBuildPhase section */

/* Begin PBXShellScriptBuildPhase section */
		429D96382AB9F4F70063C107 /* ShellScript */ = {
			isa = PBXShellScriptBuildPhase;
			buildActionMask = 2147483647;
			files = (
			);
			inputFileListPaths = (
			);
			inputPaths = (
			);
			outputFileListPaths = (
			);
			outputPaths = (
			);
			runOnlyForDeploymentPostprocessing = 0;
			shellPath = /bin/sh;
			shellScript = "# Type a script or drag a script file from your workspace to insert its path.\nif which swiftlint >/dev/null; then\n  swiftlint\nelse\n  echo \"error: SwiftLint does not exist, download it from https://github.com/realm/SwiftLint\"\n  exit 1\nfi\n";
		};
/* End PBXShellScriptBuildPhase section */

/* Begin PBXSourcesBuildPhase section */
		4258A8B62A9F85B600A77983 /* Sources */ = {
			isa = PBXSourcesBuildPhase;
			buildActionMask = 2147483647;
			files = (
				42619A502AC1E6FD00A52050 /* TodosListComponent.swift in Sources */,
				429D962D2AB613C50063C107 /* CalendarView.swift in Sources */,
				421693A32AC3653B002D77FE /* AddTodoView.swift in Sources */,
				42BB0A492AAF720A00663C6C /* TodoItemComponent.swift in Sources */,
				42619A4A2AC1B13500A52050 /* CoreDataTodoModel.xcdatamodeld in Sources */,
				42BB7C832ABB8C8000A57A7E /* DataProvider.swift in Sources */,
				42BB7C802ABB68B600A57A7E /* DayComponent.swift in Sources */,
				421693A52AC36DDA002D77FE /* AddTodoViewModel.swift in Sources */,
				42BB0A4D2AAF8FB100663C6C /* MainView.swift in Sources */,
				429D96322AB73F090063C107 /* DayItemModel.swift in Sources */,
				42619A4D2AC1B2D500A52050 /* TodoClass.swift in Sources */,
				42B173DE2AA4EAA800795BD7 /* TodoViewModel.swift in Sources */,
				4258A8CD2A9F895300A77983 /* TodoView.swift in Sources */,
				429D96372AB9F1680063C107 /* CalendarViewModel.swift in Sources */,
				4265BAF92ABE49010061EFDB /* DataService.swift in Sources */,
				4218F3C42AA38E1100A24124 /* RealmTodoModel.swift in Sources */,
				42BB0A4B2AAF77BA00663C6C /* CheckBoxComponent.swift in Sources */,
				4265BAFD2ABE4F940061EFDB /* CoreDataService.swift in Sources */,
				4218F3C02AA3506700A24124 /* AddItemButton.swift in Sources */,
				4265BAF12ABD114E0061EFDB /* RealmService.swift in Sources */,
				42619A4E2AC1B2D500A52050 /* TodoProperties.swift in Sources */,
				4218F3C72AA38E8A00A24124 /* TodoModel.swift in Sources */,
				4258A8BE2A9F85B600A77983 /* TestTodoApp.swift in Sources */,
				4265BB022ABE52230061EFDB /* TypedPublisherHandler.swift in Sources */,
				429D96302AB6158E0063C107 /* CalendarComponent.swift in Sources */,
				429D96352AB7465C0063C107 /* DateExtensions.swift in Sources */,
				4265BAFB2ABE49770061EFDB /* StringExtensions.swift in Sources */,
			);
			runOnlyForDeploymentPostprocessing = 0;
		};
/* End PBXSourcesBuildPhase section */

/* Begin XCBuildConfiguration section */
		4258A8C62A9F85B800A77983 /* Debug */ = {
			isa = XCBuildConfiguration;
			buildSettings = {
				ALWAYS_SEARCH_USER_PATHS = NO;
				CLANG_ANALYZER_NONNULL = YES;
				CLANG_ANALYZER_NUMBER_OBJECT_CONVERSION = YES_AGGRESSIVE;
				CLANG_CXX_LANGUAGE_STANDARD = "gnu++20";
				CLANG_ENABLE_MODULES = YES;
				CLANG_ENABLE_OBJC_ARC = YES;
				CLANG_ENABLE_OBJC_WEAK = YES;
				CLANG_WARN_BLOCK_CAPTURE_AUTORELEASING = YES;
				CLANG_WARN_BOOL_CONVERSION = YES;
				CLANG_WARN_COMMA = YES;
				CLANG_WARN_CONSTANT_CONVERSION = YES;
				CLANG_WARN_DEPRECATED_OBJC_IMPLEMENTATIONS = YES;
				CLANG_WARN_DIRECT_OBJC_ISA_USAGE = YES_ERROR;
				CLANG_WARN_DOCUMENTATION_COMMENTS = YES;
				CLANG_WARN_EMPTY_BODY = YES;
				CLANG_WARN_ENUM_CONVERSION = YES;
				CLANG_WARN_INFINITE_RECURSION = YES;
				CLANG_WARN_INT_CONVERSION = YES;
				CLANG_WARN_NON_LITERAL_NULL_CONVERSION = YES;
				CLANG_WARN_OBJC_IMPLICIT_RETAIN_SELF = YES;
				CLANG_WARN_OBJC_LITERAL_CONVERSION = YES;
				CLANG_WARN_OBJC_ROOT_CLASS = YES_ERROR;
				CLANG_WARN_QUOTED_INCLUDE_IN_FRAMEWORK_HEADER = YES;
				CLANG_WARN_RANGE_LOOP_ANALYSIS = YES;
				CLANG_WARN_STRICT_PROTOTYPES = YES;
				CLANG_WARN_SUSPICIOUS_MOVE = YES;
				CLANG_WARN_UNGUARDED_AVAILABILITY = YES_AGGRESSIVE;
				CLANG_WARN_UNREACHABLE_CODE = YES;
				CLANG_WARN__DUPLICATE_METHOD_MATCH = YES;
				COPY_PHASE_STRIP = NO;
				DEBUG_INFORMATION_FORMAT = dwarf;
				ENABLE_STRICT_OBJC_MSGSEND = YES;
				ENABLE_TESTABILITY = YES;
				GCC_C_LANGUAGE_STANDARD = gnu11;
				GCC_DYNAMIC_NO_PIC = NO;
				GCC_NO_COMMON_BLOCKS = YES;
				GCC_OPTIMIZATION_LEVEL = 0;
				GCC_PREPROCESSOR_DEFINITIONS = (
					"DEBUG=1",
					"$(inherited)",
				);
				GCC_WARN_64_TO_32_BIT_CONVERSION = YES;
				GCC_WARN_ABOUT_RETURN_TYPE = YES_ERROR;
				GCC_WARN_UNDECLARED_SELECTOR = YES;
				GCC_WARN_UNINITIALIZED_AUTOS = YES_AGGRESSIVE;
				GCC_WARN_UNUSED_FUNCTION = YES;
				GCC_WARN_UNUSED_VARIABLE = YES;
				IPHONEOS_DEPLOYMENT_TARGET = 16.4;
				MTL_ENABLE_DEBUG_INFO = INCLUDE_SOURCE;
				MTL_FAST_MATH = YES;
				ONLY_ACTIVE_ARCH = YES;
				SDKROOT = iphoneos;
				SWIFT_ACTIVE_COMPILATION_CONDITIONS = DEBUG;
				SWIFT_OPTIMIZATION_LEVEL = "-Onone";
			};
			name = Debug;
		};
		4258A8C72A9F85B800A77983 /* Release */ = {
			isa = XCBuildConfiguration;
			buildSettings = {
				ALWAYS_SEARCH_USER_PATHS = NO;
				CLANG_ANALYZER_NONNULL = YES;
				CLANG_ANALYZER_NUMBER_OBJECT_CONVERSION = YES_AGGRESSIVE;
				CLANG_CXX_LANGUAGE_STANDARD = "gnu++20";
				CLANG_ENABLE_MODULES = YES;
				CLANG_ENABLE_OBJC_ARC = YES;
				CLANG_ENABLE_OBJC_WEAK = YES;
				CLANG_WARN_BLOCK_CAPTURE_AUTORELEASING = YES;
				CLANG_WARN_BOOL_CONVERSION = YES;
				CLANG_WARN_COMMA = YES;
				CLANG_WARN_CONSTANT_CONVERSION = YES;
				CLANG_WARN_DEPRECATED_OBJC_IMPLEMENTATIONS = YES;
				CLANG_WARN_DIRECT_OBJC_ISA_USAGE = YES_ERROR;
				CLANG_WARN_DOCUMENTATION_COMMENTS = YES;
				CLANG_WARN_EMPTY_BODY = YES;
				CLANG_WARN_ENUM_CONVERSION = YES;
				CLANG_WARN_INFINITE_RECURSION = YES;
				CLANG_WARN_INT_CONVERSION = YES;
				CLANG_WARN_NON_LITERAL_NULL_CONVERSION = YES;
				CLANG_WARN_OBJC_IMPLICIT_RETAIN_SELF = YES;
				CLANG_WARN_OBJC_LITERAL_CONVERSION = YES;
				CLANG_WARN_OBJC_ROOT_CLASS = YES_ERROR;
				CLANG_WARN_QUOTED_INCLUDE_IN_FRAMEWORK_HEADER = YES;
				CLANG_WARN_RANGE_LOOP_ANALYSIS = YES;
				CLANG_WARN_STRICT_PROTOTYPES = YES;
				CLANG_WARN_SUSPICIOUS_MOVE = YES;
				CLANG_WARN_UNGUARDED_AVAILABILITY = YES_AGGRESSIVE;
				CLANG_WARN_UNREACHABLE_CODE = YES;
				CLANG_WARN__DUPLICATE_METHOD_MATCH = YES;
				COPY_PHASE_STRIP = NO;
				DEBUG_INFORMATION_FORMAT = "dwarf-with-dsym";
				ENABLE_NS_ASSERTIONS = NO;
				ENABLE_STRICT_OBJC_MSGSEND = YES;
				GCC_C_LANGUAGE_STANDARD = gnu11;
				GCC_NO_COMMON_BLOCKS = YES;
				GCC_WARN_64_TO_32_BIT_CONVERSION = YES;
				GCC_WARN_ABOUT_RETURN_TYPE = YES_ERROR;
				GCC_WARN_UNDECLARED_SELECTOR = YES;
				GCC_WARN_UNINITIALIZED_AUTOS = YES_AGGRESSIVE;
				GCC_WARN_UNUSED_FUNCTION = YES;
				GCC_WARN_UNUSED_VARIABLE = YES;
				IPHONEOS_DEPLOYMENT_TARGET = 16.4;
				MTL_ENABLE_DEBUG_INFO = NO;
				MTL_FAST_MATH = YES;
				SDKROOT = iphoneos;
				SWIFT_COMPILATION_MODE = wholemodule;
				SWIFT_OPTIMIZATION_LEVEL = "-O";
				VALIDATE_PRODUCT = YES;
			};
			name = Release;
		};
		4258A8C92A9F85B800A77983 /* Debug */ = {
			isa = XCBuildConfiguration;
			buildSettings = {
				ASSETCATALOG_COMPILER_APPICON_NAME = AppIcon;
				ASSETCATALOG_COMPILER_GLOBAL_ACCENT_COLOR_NAME = AccentColor;
				CODE_SIGN_STYLE = Automatic;
				CURRENT_PROJECT_VERSION = 1;
				DEVELOPMENT_ASSET_PATHS = "\"TestTODO/Preview Content\"";
				ENABLE_PREVIEWS = YES;
				GENERATE_INFOPLIST_FILE = YES;
				INFOPLIST_KEY_UIApplicationSceneManifest_Generation = YES;
				INFOPLIST_KEY_UIApplicationSupportsIndirectInputEvents = YES;
				INFOPLIST_KEY_UILaunchScreen_Generation = YES;
				INFOPLIST_KEY_UISupportedInterfaceOrientations_iPad = "UIInterfaceOrientationPortrait UIInterfaceOrientationPortraitUpsideDown UIInterfaceOrientationLandscapeLeft UIInterfaceOrientationLandscapeRight";
				INFOPLIST_KEY_UISupportedInterfaceOrientations_iPhone = "UIInterfaceOrientationPortrait UIInterfaceOrientationLandscapeLeft UIInterfaceOrientationLandscapeRight";
				LD_RUNPATH_SEARCH_PATHS = (
					"$(inherited)",
					"@executable_path/Frameworks",
				);
				MARKETING_VERSION = 1.0;
				PRODUCT_BUNDLE_IDENTIFIER = test.TestTODO;
				PRODUCT_NAME = "$(TARGET_NAME)";
				SUPPORTED_PLATFORMS = "iphoneos iphonesimulator";
				SUPPORTS_MACCATALYST = NO;
				SUPPORTS_MAC_DESIGNED_FOR_IPHONE_IPAD = NO;
				SWIFT_EMIT_LOC_STRINGS = YES;
				SWIFT_VERSION = 5.0;
				TARGETED_DEVICE_FAMILY = 1;
			};
			name = Debug;
		};
		4258A8CA2A9F85B800A77983 /* Release */ = {
			isa = XCBuildConfiguration;
			buildSettings = {
				ASSETCATALOG_COMPILER_APPICON_NAME = AppIcon;
				ASSETCATALOG_COMPILER_GLOBAL_ACCENT_COLOR_NAME = AccentColor;
				CODE_SIGN_STYLE = Automatic;
				CURRENT_PROJECT_VERSION = 1;
				DEVELOPMENT_ASSET_PATHS = "\"TestTODO/Preview Content\"";
				ENABLE_PREVIEWS = YES;
				GENERATE_INFOPLIST_FILE = YES;
				INFOPLIST_KEY_UIApplicationSceneManifest_Generation = YES;
				INFOPLIST_KEY_UIApplicationSupportsIndirectInputEvents = YES;
				INFOPLIST_KEY_UILaunchScreen_Generation = YES;
				INFOPLIST_KEY_UISupportedInterfaceOrientations_iPad = "UIInterfaceOrientationPortrait UIInterfaceOrientationPortraitUpsideDown UIInterfaceOrientationLandscapeLeft UIInterfaceOrientationLandscapeRight";
				INFOPLIST_KEY_UISupportedInterfaceOrientations_iPhone = "UIInterfaceOrientationPortrait UIInterfaceOrientationLandscapeLeft UIInterfaceOrientationLandscapeRight";
				LD_RUNPATH_SEARCH_PATHS = (
					"$(inherited)",
					"@executable_path/Frameworks",
				);
				MARKETING_VERSION = 1.0;
				PRODUCT_BUNDLE_IDENTIFIER = test.TestTODO;
				PRODUCT_NAME = "$(TARGET_NAME)";
				SUPPORTED_PLATFORMS = "iphoneos iphonesimulator";
				SUPPORTS_MACCATALYST = NO;
				SUPPORTS_MAC_DESIGNED_FOR_IPHONE_IPAD = NO;
				SWIFT_EMIT_LOC_STRINGS = YES;
				SWIFT_VERSION = 5.0;
				TARGETED_DEVICE_FAMILY = 1;
			};
			name = Release;
		};
/* End XCBuildConfiguration section */

/* Begin XCConfigurationList section */
		4258A8B52A9F85B600A77983 /* Build configuration list for PBXProject "TestTODO" */ = {
			isa = XCConfigurationList;
			buildConfigurations = (
				4258A8C62A9F85B800A77983 /* Debug */,
				4258A8C72A9F85B800A77983 /* Release */,
			);
			defaultConfigurationIsVisible = 0;
			defaultConfigurationName = Debug;
		};
		4258A8C82A9F85B800A77983 /* Build configuration list for PBXNativeTarget "TestTODO" */ = {
			isa = XCConfigurationList;
			buildConfigurations = (
				4258A8C92A9F85B800A77983 /* Debug */,
				4258A8CA2A9F85B800A77983 /* Release */,
			);
			defaultConfigurationIsVisible = 0;
			defaultConfigurationName = Debug;
		};
/* End XCConfigurationList section */

/* Begin XCRemoteSwiftPackageReference section */
		4265BAF22ABDED8A0061EFDB /* XCRemoteSwiftPackageReference "realm-swift" */ = {
			isa = XCRemoteSwiftPackageReference;
			repositoryURL = "https://github.com/realm/realm-swift";
			requirement = {
				branch = master;
				kind = branch;
			};
		};
/* End XCRemoteSwiftPackageReference section */

/* Begin XCSwiftPackageProductDependency section */
		4265BAF32ABDED8A0061EFDB /* Realm */ = {
			isa = XCSwiftPackageProductDependency;
			package = 4265BAF22ABDED8A0061EFDB /* XCRemoteSwiftPackageReference "realm-swift" */;
			productName = Realm;
		};
		4265BAF52ABDED8A0061EFDB /* RealmSwift */ = {
			isa = XCSwiftPackageProductDependency;
			package = 4265BAF22ABDED8A0061EFDB /* XCRemoteSwiftPackageReference "realm-swift" */;
			productName = RealmSwift;
		};
/* End XCSwiftPackageProductDependency section */

/* Begin XCVersionGroup section */
		42619A482AC1B13500A52050 /* CoreDataTodoModel.xcdatamodeld */ = {
			isa = XCVersionGroup;
			children = (
				42619A492AC1B13500A52050 /* CoreDataTodoModel.xcdatamodel */,
			);
			currentVersion = 42619A492AC1B13500A52050 /* CoreDataTodoModel.xcdatamodel */;
			path = CoreDataTodoModel.xcdatamodeld;
			sourceTree = "<group>";
			versionGroupType = wrapper.xcdatamodel;
		};
/* End XCVersionGroup section */
	};
	rootObject = 4258A8B22A9F85B600A77983 /* Project object */;
}
